
Microsoft Visual Studio Solution File, Format Version 12.00
# Visual Studio Version 16
VisualStudioVersion = 16.0.30330.147
MinimumVisualStudioVersion = 10.0.40219.1
Project("{FAE04EC0-301F-11D3-BF4B-00C04F79EFBC}") = "WindowsFormsApp6", "WindowsFormsApp6\WindowsFormsApp6.csproj", "{64A1E15E-4BE8-4107-BC56-D97B0B9EBBB9}"
EndProject
Global
	GlobalSection(SolutionConfigurationPlatforms) = preSolution
		Debug|Any CPU = Debug|Any CPU
		Release|Any CPU = Release|Any CPU
	EndGlobalSection
	GlobalSection(ProjectConfigurationPlatforms) = postSolution
		{64A1E15E-4BE8-4107-BC56-D97B0B9EBBB9}.Debug|Any CPU.ActiveCfg = Debug|Any CPU
		{64A1E15E-4BE8-4107-BC56-D97B0B9EBBB9}.Debug|Any CPU.Build.0 = Debug|Any CPU
		{64A1E15E-4BE8-4107-BC56-D97B0B9EBBB9}.Release|Any CPU.ActiveCfg = Release|Any CPU
		{64A1E15E-4BE8-4107-BC56-D97B0B9EBBB9}.Release|Any CPU.Build.0 = Release|Any CPU
	EndGlobalSection
	GlobalSection(SolutionProperties) = preSolution
		HideSolutionNode = FALSE
	EndGlobalSection
	GlobalSection(ExtensibilityGlobals) = postSolution
		SolutionGuid = {B2D69DCF-A7B2-4673-8DC5-F0470EA5D29E}
	EndGlobalSection
EndGlobal
